
Microsoft Visual Studio Solution File, Format Version 12.00
# Visual Studio Version 17
VisualStudioVersion = 17.4.33110.190
MinimumVisualStudioVersion = 10.0.40219.1
Project("{FAE04EC0-301F-11D3-BF4B-00C04F79EFBC}") = "QuallCommTraining", "QuallCommTraining\QuallCommTraining.csproj", "{B6272851-C233-4202-8402-128F1E0EC5D7}"
EndProject
Global
	GlobalSection(SolutionConfigurationPlatforms) = preSolution
		Debug|Any CPU = Debug|Any CPU
		Release|Any CPU = Release|Any CPU
	EndGlobalSection
	GlobalSection(ProjectConfigurationPlatforms) = postSolution
		{B6272851-C233-4202-8402-128F1E0EC5D7}.Debug|Any CPU.ActiveCfg = Debug|Any CPU
		{B6272851-C233-4202-8402-128F1E0EC5D7}.Debug|Any CPU.Build.0 = Debug|Any CPU
		{B6272851-C233-4202-8402-128F1E0EC5D7}.Release|Any CPU.ActiveCfg = Release|Any CPU
		{B6272851-C233-4202-8402-128F1E0EC5D7}.Release|Any CPU.Build.0 = Release|Any CPU
	EndGlobalSection
	GlobalSection(SolutionProperties) = preSolution
		HideSolutionNode = FALSE
	EndGlobalSection
	GlobalSection(ExtensibilityGlobals) = postSolution
		SolutionGuid = {52A3344A-D38B-4C88-BE35-2D2E7DBBB207}
	EndGlobalSection
EndGlobal
